
Microsoft Visual Studio Solution File, Format Version 12.00
# Visual Studio 2013
VisualStudioVersion = 12.0.31101.0
MinimumVisualStudioVersion = 10.0.40219.1
Project("{FAE04EC0-301F-11D3-BF4B-00C04F79EFBC}") = "ClassesL5", "ClassesL5\ClassesL5.csproj", "{50F9212E-ADEF-4891-B97E-36F3AD67F51E}"
	ProjectSection(ProjectDependencies) = postProject
		{5B502518-6F64-4C68-B0D2-1DCBECDFAB85} = {5B502518-6F64-4C68-B0D2-1DCBECDFAB85}
		{E9196A5E-4397-458B-A46D-819B351EE3D1} = {E9196A5E-4397-458B-A46D-819B351EE3D1}
		{ABE3ADB7-F024-4131-9D01-787251C303AE} = {ABE3ADB7-F024-4131-9D01-787251C303AE}
		{D18356E4-7AE1-446E-8267-E736CC3165B2} = {D18356E4-7AE1-446E-8267-E736CC3165B2}
		{64F4C9F7-265D-4BC8-8A71-F2CD8574424C} = {64F4C9F7-265D-4BC8-8A71-F2CD8574424C}
	EndProjectSection
EndProject
Project("{FAE04EC0-301F-11D3-BF4B-00C04F79EFBC}") = "Infrastructure", "Infrastructure\Infrastructure.csproj", "{64F4C9F7-265D-4BC8-8A71-F2CD8574424C}"
	ProjectSection(ProjectDependencies) = postProject
		{5B502518-6F64-4C68-B0D2-1DCBECDFAB85} = {5B502518-6F64-4C68-B0D2-1DCBECDFAB85}
		{6A55512B-4BDF-43B3-B3E8-E4695D9ED4D6} = {6A55512B-4BDF-43B3-B3E8-E4695D9ED4D6}
		{C95CAD52-9159-4052-AD4E-48DA61B8C2FE} = {C95CAD52-9159-4052-AD4E-48DA61B8C2FE}
		{24C92584-BFDB-4D6F-8786-C830E8AE6CBC} = {24C92584-BFDB-4D6F-8786-C830E8AE6CBC}
		{D18356E4-7AE1-446E-8267-E736CC3165B2} = {D18356E4-7AE1-446E-8267-E736CC3165B2}
	EndProjectSection
EndProject
Project("{FAE04EC0-301F-11D3-BF4B-00C04F79EFBC}") = "InterfaceActions", "InterfaceActions\InterfaceActions.csproj", "{D18356E4-7AE1-446E-8267-E736CC3165B2}"
	ProjectSection(ProjectDependencies) = postProject
		{5B502518-6F64-4C68-B0D2-1DCBECDFAB85} = {5B502518-6F64-4C68-B0D2-1DCBECDFAB85}
	EndProjectSection
EndProject
Project("{FAE04EC0-301F-11D3-BF4B-00C04F79EFBC}") = "ActionImplementation", "ActionImplementation\ActionImplementation.csproj", "{24C92584-BFDB-4D6F-8786-C830E8AE6CBC}"
	ProjectSection(ProjectDependencies) = postProject
		{5B502518-6F64-4C68-B0D2-1DCBECDFAB85} = {5B502518-6F64-4C68-B0D2-1DCBECDFAB85}
		{D18356E4-7AE1-446E-8267-E736CC3165B2} = {D18356E4-7AE1-446E-8267-E736CC3165B2}
	EndProjectSection
EndProject
Project("{FAE04EC0-301F-11D3-BF4B-00C04F79EFBC}") = "Factories", "Factories\Factories.csproj", "{ABE3ADB7-F024-4131-9D01-787251C303AE}"
	ProjectSection(ProjectDependencies) = postProject
		{5B502518-6F64-4C68-B0D2-1DCBECDFAB85} = {5B502518-6F64-4C68-B0D2-1DCBECDFAB85}
		{44E4CD77-848C-4826-B19A-A7C0A68D8C93} = {44E4CD77-848C-4826-B19A-A7C0A68D8C93}
		{D18356E4-7AE1-446E-8267-E736CC3165B2} = {D18356E4-7AE1-446E-8267-E736CC3165B2}
	EndProjectSection
EndProject
Project("{FAE04EC0-301F-11D3-BF4B-00C04F79EFBC}") = "Domain.Mapping", "Domain.Mapping\Domain.Mapping.csproj", "{E9196A5E-4397-458B-A46D-819B351EE3D1}"
EndProject
Project("{FAE04EC0-301F-11D3-BF4B-00C04F79EFBC}") = "Repository", "Repository\Repository.csproj", "{6A55512B-4BDF-43B3-B3E8-E4695D9ED4D6}"
	ProjectSection(ProjectDependencies) = postProject
		{5B502518-6F64-4C68-B0D2-1DCBECDFAB85} = {5B502518-6F64-4C68-B0D2-1DCBECDFAB85}
		{C95CAD52-9159-4052-AD4E-48DA61B8C2FE} = {C95CAD52-9159-4052-AD4E-48DA61B8C2FE}
		{E9196A5E-4397-458B-A46D-819B351EE3D1} = {E9196A5E-4397-458B-A46D-819B351EE3D1}
		{44E4CD77-848C-4826-B19A-A7C0A68D8C93} = {44E4CD77-848C-4826-B19A-A7C0A68D8C93}
	EndProjectSection
EndProject
Project("{FAE04EC0-301F-11D3-BF4B-00C04F79EFBC}") = "Repository.Interfaces", "Repository.Interfaces\Repository.Interfaces.csproj", "{C95CAD52-9159-4052-AD4E-48DA61B8C2FE}"
	ProjectSection(ProjectDependencies) = postProject
		{5B502518-6F64-4C68-B0D2-1DCBECDFAB85} = {5B502518-6F64-4C68-B0D2-1DCBECDFAB85}
	EndProjectSection
EndProject
Project("{FAE04EC0-301F-11D3-BF4B-00C04F79EFBC}") = "BL", "BL\BL.csproj", "{6B4BEA23-60A7-482E-8CB1-94EDF3F54771}"
	ProjectSection(ProjectDependencies) = postProject
		{5B502518-6F64-4C68-B0D2-1DCBECDFAB85} = {5B502518-6F64-4C68-B0D2-1DCBECDFAB85}
	EndProjectSection
EndProject
Project("{FAE04EC0-301F-11D3-BF4B-00C04F79EFBC}") = "Logger", "Logger\Logger.csproj", "{44E4CD77-848C-4826-B19A-A7C0A68D8C93}"
EndProject
Project("{FAE04EC0-301F-11D3-BF4B-00C04F79EFBC}") = "UnitTest", "UnitTest\UnitTest.csproj", "{DEE00C86-BAEA-4774-81F5-B03F40786EBC}"
	ProjectSection(ProjectDependencies) = postProject
		{5B502518-6F64-4C68-B0D2-1DCBECDFAB85} = {5B502518-6F64-4C68-B0D2-1DCBECDFAB85}
	EndProjectSection
EndProject
Project("{FAE04EC0-301F-11D3-BF4B-00C04F79EFBC}") = "Domain", "Domain\Domain.csproj", "{5B502518-6F64-4C68-B0D2-1DCBECDFAB85}"
	ProjectSection(ProjectDependencies) = postProject
		{44E4CD77-848C-4826-B19A-A7C0A68D8C93} = {44E4CD77-848C-4826-B19A-A7C0A68D8C93}
	EndProjectSection
EndProject
Global
	GlobalSection(SolutionConfigurationPlatforms) = preSolution
		Debug|Any CPU = Debug|Any CPU
		MyIntern1|Any CPU = MyIntern1|Any CPU
		MyIntern2|Any CPU = MyIntern2|Any CPU
		MyIntern3|Any CPU = MyIntern3|Any CPU
		MyIntern4|Any CPU = MyIntern4|Any CPU
		MyIntern5|Any CPU = MyIntern5|Any CPU
		Release|Any CPU = Release|Any CPU
	EndGlobalSection
	GlobalSection(ProjectConfigurationPlatforms) = postSolution
		{50F9212E-ADEF-4891-B97E-36F3AD67F51E}.Debug|Any CPU.ActiveCfg = Debug|Any CPU
		{50F9212E-ADEF-4891-B97E-36F3AD67F51E}.Debug|Any CPU.Build.0 = Debug|Any CPU
		{50F9212E-ADEF-4891-B97E-36F3AD67F51E}.MyIntern1|Any CPU.ActiveCfg = intern1|Any CPU
		{50F9212E-ADEF-4891-B97E-36F3AD67F51E}.MyIntern1|Any CPU.Build.0 = intern1|Any CPU
		{50F9212E-ADEF-4891-B97E-36F3AD67F51E}.MyIntern2|Any CPU.ActiveCfg = MyIntern2|Any CPU
		{50F9212E-ADEF-4891-B97E-36F3AD67F51E}.MyIntern2|Any CPU.Build.0 = MyIntern2|Any CPU
		{50F9212E-ADEF-4891-B97E-36F3AD67F51E}.MyIntern3|Any CPU.ActiveCfg = MyIntern3|Any CPU
		{50F9212E-ADEF-4891-B97E-36F3AD67F51E}.MyIntern3|Any CPU.Build.0 = MyIntern3|Any CPU
		{50F9212E-ADEF-4891-B97E-36F3AD67F51E}.MyIntern4|Any CPU.ActiveCfg = MyIntern4|Any CPU
		{50F9212E-ADEF-4891-B97E-36F3AD67F51E}.MyIntern4|Any CPU.Build.0 = MyIntern4|Any CPU
		{50F9212E-ADEF-4891-B97E-36F3AD67F51E}.MyIntern5|Any CPU.ActiveCfg = MyIntern5|Any CPU
		{50F9212E-ADEF-4891-B97E-36F3AD67F51E}.MyIntern5|Any CPU.Build.0 = MyIntern5|Any CPU
		{50F9212E-ADEF-4891-B97E-36F3AD67F51E}.Release|Any CPU.ActiveCfg = Release|Any CPU
		{50F9212E-ADEF-4891-B97E-36F3AD67F51E}.Release|Any CPU.Build.0 = Release|Any CPU
		{64F4C9F7-265D-4BC8-8A71-F2CD8574424C}.Debug|Any CPU.ActiveCfg = Debug|Any CPU
		{64F4C9F7-265D-4BC8-8A71-F2CD8574424C}.Debug|Any CPU.Build.0 = Debug|Any CPU
		{64F4C9F7-265D-4BC8-8A71-F2CD8574424C}.MyIntern1|Any CPU.ActiveCfg = Release|Any CPU
		{64F4C9F7-265D-4BC8-8A71-F2CD8574424C}.MyIntern1|Any CPU.Build.0 = Release|Any CPU
		{64F4C9F7-265D-4BC8-8A71-F2CD8574424C}.MyIntern2|Any CPU.ActiveCfg = Release|Any CPU
		{64F4C9F7-265D-4BC8-8A71-F2CD8574424C}.MyIntern2|Any CPU.Build.0 = Release|Any CPU
		{64F4C9F7-265D-4BC8-8A71-F2CD8574424C}.MyIntern3|Any CPU.ActiveCfg = Release|Any CPU
		{64F4C9F7-265D-4BC8-8A71-F2CD8574424C}.MyIntern3|Any CPU.Build.0 = Release|Any CPU
		{64F4C9F7-265D-4BC8-8A71-F2CD8574424C}.MyIntern4|Any CPU.ActiveCfg = Release|Any CPU
		{64F4C9F7-265D-4BC8-8A71-F2CD8574424C}.MyIntern4|Any CPU.Build.0 = Release|Any CPU
		{64F4C9F7-265D-4BC8-8A71-F2CD8574424C}.MyIntern5|Any CPU.ActiveCfg = Release|Any CPU
		{64F4C9F7-265D-4BC8-8A71-F2CD8574424C}.MyIntern5|Any CPU.Build.0 = Release|Any CPU
		{64F4C9F7-265D-4BC8-8A71-F2CD8574424C}.Release|Any CPU.ActiveCfg = Release|Any CPU
		{64F4C9F7-265D-4BC8-8A71-F2CD8574424C}.Release|Any CPU.Build.0 = Release|Any CPU
		{D18356E4-7AE1-446E-8267-E736CC3165B2}.Debug|Any CPU.ActiveCfg = Debug|Any CPU
		{D18356E4-7AE1-446E-8267-E736CC3165B2}.Debug|Any CPU.Build.0 = Debug|Any CPU
		{D18356E4-7AE1-446E-8267-E736CC3165B2}.MyIntern1|Any CPU.ActiveCfg = Release|Any CPU
		{D18356E4-7AE1-446E-8267-E736CC3165B2}.MyIntern1|Any CPU.Build.0 = Release|Any CPU
		{D18356E4-7AE1-446E-8267-E736CC3165B2}.MyIntern2|Any CPU.ActiveCfg = Release|Any CPU
		{D18356E4-7AE1-446E-8267-E736CC3165B2}.MyIntern2|Any CPU.Build.0 = Release|Any CPU
		{D18356E4-7AE1-446E-8267-E736CC3165B2}.MyIntern3|Any CPU.ActiveCfg = Release|Any CPU
		{D18356E4-7AE1-446E-8267-E736CC3165B2}.MyIntern3|Any CPU.Build.0 = Release|Any CPU
		{D18356E4-7AE1-446E-8267-E736CC3165B2}.MyIntern4|Any CPU.ActiveCfg = Release|Any CPU
		{D18356E4-7AE1-446E-8267-E736CC3165B2}.MyIntern4|Any CPU.Build.0 = Release|Any CPU
		{D18356E4-7AE1-446E-8267-E736CC3165B2}.MyIntern5|Any CPU.ActiveCfg = Release|Any CPU
		{D18356E4-7AE1-446E-8267-E736CC3165B2}.MyIntern5|Any CPU.Build.0 = Release|Any CPU
		{D18356E4-7AE1-446E-8267-E736CC3165B2}.Release|Any CPU.ActiveCfg = Release|Any CPU
		{D18356E4-7AE1-446E-8267-E736CC3165B2}.Release|Any CPU.Build.0 = Release|Any CPU
		{24C92584-BFDB-4D6F-8786-C830E8AE6CBC}.Debug|Any CPU.ActiveCfg = Debug|Any CPU
		{24C92584-BFDB-4D6F-8786-C830E8AE6CBC}.Debug|Any CPU.Build.0 = Debug|Any CPU
		{24C92584-BFDB-4D6F-8786-C830E8AE6CBC}.MyIntern1|Any CPU.ActiveCfg = Release|Any CPU
		{24C92584-BFDB-4D6F-8786-C830E8AE6CBC}.MyIntern1|Any CPU.Build.0 = Release|Any CPU
		{24C92584-BFDB-4D6F-8786-C830E8AE6CBC}.MyIntern2|Any CPU.ActiveCfg = Release|Any CPU
		{24C92584-BFDB-4D6F-8786-C830E8AE6CBC}.MyIntern2|Any CPU.Build.0 = Release|Any CPU
		{24C92584-BFDB-4D6F-8786-C830E8AE6CBC}.MyIntern3|Any CPU.ActiveCfg = Release|Any CPU
		{24C92584-BFDB-4D6F-8786-C830E8AE6CBC}.MyIntern3|Any CPU.Build.0 = Release|Any CPU
		{24C92584-BFDB-4D6F-8786-C830E8AE6CBC}.MyIntern4|Any CPU.ActiveCfg = Release|Any CPU
		{24C92584-BFDB-4D6F-8786-C830E8AE6CBC}.MyIntern4|Any CPU.Build.0 = Release|Any CPU
		{24C92584-BFDB-4D6F-8786-C830E8AE6CBC}.MyIntern5|Any CPU.ActiveCfg = Release|Any CPU
		{24C92584-BFDB-4D6F-8786-C830E8AE6CBC}.MyIntern5|Any CPU.Build.0 = Release|Any CPU
		{24C92584-BFDB-4D6F-8786-C830E8AE6CBC}.Release|Any CPU.ActiveCfg = Release|Any CPU
		{24C92584-BFDB-4D6F-8786-C830E8AE6CBC}.Release|Any CPU.Build.0 = Release|Any CPU
		{ABE3ADB7-F024-4131-9D01-787251C303AE}.Debug|Any CPU.ActiveCfg = Debug|Any CPU
		{ABE3ADB7-F024-4131-9D01-787251C303AE}.Debug|Any CPU.Build.0 = Debug|Any CPU
		{ABE3ADB7-F024-4131-9D01-787251C303AE}.MyIntern1|Any CPU.ActiveCfg = Release|Any CPU
		{ABE3ADB7-F024-4131-9D01-787251C303AE}.MyIntern1|Any CPU.Build.0 = Release|Any CPU
		{ABE3ADB7-F024-4131-9D01-787251C303AE}.MyIntern2|Any CPU.ActiveCfg = Release|Any CPU
		{ABE3ADB7-F024-4131-9D01-787251C303AE}.MyIntern2|Any CPU.Build.0 = Release|Any CPU
		{ABE3ADB7-F024-4131-9D01-787251C303AE}.MyIntern3|Any CPU.ActiveCfg = Release|Any CPU
		{ABE3ADB7-F024-4131-9D01-787251C303AE}.MyIntern3|Any CPU.Build.0 = Release|Any CPU
		{ABE3ADB7-F024-4131-9D01-787251C303AE}.MyIntern4|Any CPU.ActiveCfg = Release|Any CPU
		{ABE3ADB7-F024-4131-9D01-787251C303AE}.MyIntern4|Any CPU.Build.0 = Release|Any CPU
		{ABE3ADB7-F024-4131-9D01-787251C303AE}.MyIntern5|Any CPU.ActiveCfg = Release|Any CPU
		{ABE3ADB7-F024-4131-9D01-787251C303AE}.MyIntern5|Any CPU.Build.0 = Release|Any CPU
		{ABE3ADB7-F024-4131-9D01-787251C303AE}.Release|Any CPU.ActiveCfg = Release|Any CPU
		{ABE3ADB7-F024-4131-9D01-787251C303AE}.Release|Any CPU.Build.0 = Release|Any CPU
		{E9196A5E-4397-458B-A46D-819B351EE3D1}.Debug|Any CPU.ActiveCfg = Debug|Any CPU
		{E9196A5E-4397-458B-A46D-819B351EE3D1}.Debug|Any CPU.Build.0 = Debug|Any CPU
		{E9196A5E-4397-458B-A46D-819B351EE3D1}.MyIntern1|Any CPU.ActiveCfg = Release|Any CPU
		{E9196A5E-4397-458B-A46D-819B351EE3D1}.MyIntern1|Any CPU.Build.0 = Release|Any CPU
		{E9196A5E-4397-458B-A46D-819B351EE3D1}.MyIntern2|Any CPU.ActiveCfg = Release|Any CPU
		{E9196A5E-4397-458B-A46D-819B351EE3D1}.MyIntern2|Any CPU.Build.0 = Release|Any CPU
		{E9196A5E-4397-458B-A46D-819B351EE3D1}.MyIntern3|Any CPU.ActiveCfg = Release|Any CPU
		{E9196A5E-4397-458B-A46D-819B351EE3D1}.MyIntern3|Any CPU.Build.0 = Release|Any CPU
		{E9196A5E-4397-458B-A46D-819B351EE3D1}.MyIntern4|Any CPU.ActiveCfg = Release|Any CPU
		{E9196A5E-4397-458B-A46D-819B351EE3D1}.MyIntern4|Any CPU.Build.0 = Release|Any CPU
		{E9196A5E-4397-458B-A46D-819B351EE3D1}.MyIntern5|Any CPU.ActiveCfg = Release|Any CPU
		{E9196A5E-4397-458B-A46D-819B351EE3D1}.MyIntern5|Any CPU.Build.0 = Release|Any CPU
		{E9196A5E-4397-458B-A46D-819B351EE3D1}.Release|Any CPU.ActiveCfg = Release|Any CPU
		{E9196A5E-4397-458B-A46D-819B351EE3D1}.Release|Any CPU.Build.0 = Release|Any CPU
		{6A55512B-4BDF-43B3-B3E8-E4695D9ED4D6}.Debug|Any CPU.ActiveCfg = Debug|Any CPU
		{6A55512B-4BDF-43B3-B3E8-E4695D9ED4D6}.Debug|Any CPU.Build.0 = Debug|Any CPU
		{6A55512B-4BDF-43B3-B3E8-E4695D9ED4D6}.MyIntern1|Any CPU.ActiveCfg = Release|Any CPU
		{6A55512B-4BDF-43B3-B3E8-E4695D9ED4D6}.MyIntern1|Any CPU.Build.0 = Release|Any CPU
		{6A55512B-4BDF-43B3-B3E8-E4695D9ED4D6}.MyIntern2|Any CPU.ActiveCfg = Release|Any CPU
		{6A55512B-4BDF-43B3-B3E8-E4695D9ED4D6}.MyIntern2|Any CPU.Build.0 = Release|Any CPU
		{6A55512B-4BDF-43B3-B3E8-E4695D9ED4D6}.MyIntern3|Any CPU.ActiveCfg = Release|Any CPU
		{6A55512B-4BDF-43B3-B3E8-E4695D9ED4D6}.MyIntern3|Any CPU.Build.0 = Release|Any CPU
		{6A55512B-4BDF-43B3-B3E8-E4695D9ED4D6}.MyIntern4|Any CPU.ActiveCfg = Release|Any CPU
		{6A55512B-4BDF-43B3-B3E8-E4695D9ED4D6}.MyIntern4|Any CPU.Build.0 = Release|Any CPU
		{6A55512B-4BDF-43B3-B3E8-E4695D9ED4D6}.MyIntern5|Any CPU.ActiveCfg = Release|Any CPU
		{6A55512B-4BDF-43B3-B3E8-E4695D9ED4D6}.MyIntern5|Any CPU.Build.0 = Release|Any CPU
		{6A55512B-4BDF-43B3-B3E8-E4695D9ED4D6}.Release|Any CPU.ActiveCfg = Release|Any CPU
		{6A55512B-4BDF-43B3-B3E8-E4695D9ED4D6}.Release|Any CPU.Build.0 = Release|Any CPU
		{C95CAD52-9159-4052-AD4E-48DA61B8C2FE}.Debug|Any CPU.ActiveCfg = Debug|Any CPU
		{C95CAD52-9159-4052-AD4E-48DA61B8C2FE}.Debug|Any CPU.Build.0 = Debug|Any CPU
		{C95CAD52-9159-4052-AD4E-48DA61B8C2FE}.MyIntern1|Any CPU.ActiveCfg = Release|Any CPU
		{C95CAD52-9159-4052-AD4E-48DA61B8C2FE}.MyIntern1|Any CPU.Build.0 = Release|Any CPU
		{C95CAD52-9159-4052-AD4E-48DA61B8C2FE}.MyIntern2|Any CPU.ActiveCfg = Release|Any CPU
		{C95CAD52-9159-4052-AD4E-48DA61B8C2FE}.MyIntern2|Any CPU.Build.0 = Release|Any CPU
		{C95CAD52-9159-4052-AD4E-48DA61B8C2FE}.MyIntern3|Any CPU.ActiveCfg = Release|Any CPU
		{C95CAD52-9159-4052-AD4E-48DA61B8C2FE}.MyIntern3|Any CPU.Build.0 = Release|Any CPU
		{C95CAD52-9159-4052-AD4E-48DA61B8C2FE}.MyIntern4|Any CPU.ActiveCfg = Release|Any CPU
		{C95CAD52-9159-4052-AD4E-48DA61B8C2FE}.MyIntern4|Any CPU.Build.0 = Release|Any CPU
		{C95CAD52-9159-4052-AD4E-48DA61B8C2FE}.MyIntern5|Any CPU.ActiveCfg = Release|Any CPU
		{C95CAD52-9159-4052-AD4E-48DA61B8C2FE}.MyIntern5|Any CPU.Build.0 = Release|Any CPU
		{C95CAD52-9159-4052-AD4E-48DA61B8C2FE}.Release|Any CPU.ActiveCfg = Release|Any CPU
		{C95CAD52-9159-4052-AD4E-48DA61B8C2FE}.Release|Any CPU.Build.0 = Release|Any CPU
		{6B4BEA23-60A7-482E-8CB1-94EDF3F54771}.Debug|Any CPU.ActiveCfg = Debug|Any CPU
		{6B4BEA23-60A7-482E-8CB1-94EDF3F54771}.Debug|Any CPU.Build.0 = Debug|Any CPU
		{6B4BEA23-60A7-482E-8CB1-94EDF3F54771}.MyIntern1|Any CPU.ActiveCfg = Release|Any CPU
		{6B4BEA23-60A7-482E-8CB1-94EDF3F54771}.MyIntern1|Any CPU.Build.0 = Release|Any CPU
		{6B4BEA23-60A7-482E-8CB1-94EDF3F54771}.MyIntern2|Any CPU.ActiveCfg = Release|Any CPU
		{6B4BEA23-60A7-482E-8CB1-94EDF3F54771}.MyIntern2|Any CPU.Build.0 = Release|Any CPU
		{6B4BEA23-60A7-482E-8CB1-94EDF3F54771}.MyIntern3|Any CPU.ActiveCfg = Release|Any CPU
		{6B4BEA23-60A7-482E-8CB1-94EDF3F54771}.MyIntern3|Any CPU.Build.0 = Release|Any CPU
		{6B4BEA23-60A7-482E-8CB1-94EDF3F54771}.MyIntern4|Any CPU.ActiveCfg = Release|Any CPU
		{6B4BEA23-60A7-482E-8CB1-94EDF3F54771}.MyIntern4|Any CPU.Build.0 = Release|Any CPU
		{6B4BEA23-60A7-482E-8CB1-94EDF3F54771}.MyIntern5|Any CPU.ActiveCfg = Release|Any CPU
		{6B4BEA23-60A7-482E-8CB1-94EDF3F54771}.MyIntern5|Any CPU.Build.0 = Release|Any CPU
		{6B4BEA23-60A7-482E-8CB1-94EDF3F54771}.Release|Any CPU.ActiveCfg = Release|Any CPU
		{6B4BEA23-60A7-482E-8CB1-94EDF3F54771}.Release|Any CPU.Build.0 = Release|Any CPU
		{44E4CD77-848C-4826-B19A-A7C0A68D8C93}.Debug|Any CPU.ActiveCfg = Debug|Any CPU
		{44E4CD77-848C-4826-B19A-A7C0A68D8C93}.Debug|Any CPU.Build.0 = Debug|Any CPU
		{44E4CD77-848C-4826-B19A-A7C0A68D8C93}.MyIntern1|Any CPU.ActiveCfg = Release|Any CPU
		{44E4CD77-848C-4826-B19A-A7C0A68D8C93}.MyIntern1|Any CPU.Build.0 = Release|Any CPU
		{44E4CD77-848C-4826-B19A-A7C0A68D8C93}.MyIntern2|Any CPU.ActiveCfg = Release|Any CPU
		{44E4CD77-848C-4826-B19A-A7C0A68D8C93}.MyIntern2|Any CPU.Build.0 = Release|Any CPU
		{44E4CD77-848C-4826-B19A-A7C0A68D8C93}.MyIntern3|Any CPU.ActiveCfg = Release|Any CPU
		{44E4CD77-848C-4826-B19A-A7C0A68D8C93}.MyIntern3|Any CPU.Build.0 = Release|Any CPU
		{44E4CD77-848C-4826-B19A-A7C0A68D8C93}.MyIntern4|Any CPU.ActiveCfg = Release|Any CPU
		{44E4CD77-848C-4826-B19A-A7C0A68D8C93}.MyIntern4|Any CPU.Build.0 = Release|Any CPU
		{44E4CD77-848C-4826-B19A-A7C0A68D8C93}.MyIntern5|Any CPU.ActiveCfg = Release|Any CPU
		{44E4CD77-848C-4826-B19A-A7C0A68D8C93}.MyIntern5|Any CPU.Build.0 = Release|Any CPU
		{44E4CD77-848C-4826-B19A-A7C0A68D8C93}.Release|Any CPU.ActiveCfg = Release|Any CPU
		{44E4CD77-848C-4826-B19A-A7C0A68D8C93}.Release|Any CPU.Build.0 = Release|Any CPU
		{DEE00C86-BAEA-4774-81F5-B03F40786EBC}.Debug|Any CPU.ActiveCfg = Debug|Any CPU
		{DEE00C86-BAEA-4774-81F5-B03F40786EBC}.Debug|Any CPU.Build.0 = Debug|Any CPU
		{DEE00C86-BAEA-4774-81F5-B03F40786EBC}.MyIntern1|Any CPU.ActiveCfg = Release|Any CPU
		{DEE00C86-BAEA-4774-81F5-B03F40786EBC}.MyIntern1|Any CPU.Build.0 = Release|Any CPU
		{DEE00C86-BAEA-4774-81F5-B03F40786EBC}.MyIntern2|Any CPU.ActiveCfg = Release|Any CPU
		{DEE00C86-BAEA-4774-81F5-B03F40786EBC}.MyIntern2|Any CPU.Build.0 = Release|Any CPU
		{DEE00C86-BAEA-4774-81F5-B03F40786EBC}.MyIntern3|Any CPU.ActiveCfg = Release|Any CPU
		{DEE00C86-BAEA-4774-81F5-B03F40786EBC}.MyIntern3|Any CPU.Build.0 = Release|Any CPU
		{DEE00C86-BAEA-4774-81F5-B03F40786EBC}.MyIntern4|Any CPU.ActiveCfg = Release|Any CPU
		{DEE00C86-BAEA-4774-81F5-B03F40786EBC}.MyIntern4|Any CPU.Build.0 = Release|Any CPU
		{DEE00C86-BAEA-4774-81F5-B03F40786EBC}.MyIntern5|Any CPU.ActiveCfg = Release|Any CPU
		{DEE00C86-BAEA-4774-81F5-B03F40786EBC}.MyIntern5|Any CPU.Build.0 = Release|Any CPU
		{DEE00C86-BAEA-4774-81F5-B03F40786EBC}.Release|Any CPU.ActiveCfg = Release|Any CPU
		{DEE00C86-BAEA-4774-81F5-B03F40786EBC}.Release|Any CPU.Build.0 = Release|Any CPU
		{5B502518-6F64-4C68-B0D2-1DCBECDFAB85}.Debug|Any CPU.ActiveCfg = Debug|Any CPU
		{5B502518-6F64-4C68-B0D2-1DCBECDFAB85}.Debug|Any CPU.Build.0 = Debug|Any CPU
		{5B502518-6F64-4C68-B0D2-1DCBECDFAB85}.MyIntern1|Any CPU.ActiveCfg = Release|Any CPU
		{5B502518-6F64-4C68-B0D2-1DCBECDFAB85}.MyIntern1|Any CPU.Build.0 = Release|Any CPU
		{5B502518-6F64-4C68-B0D2-1DCBECDFAB85}.MyIntern2|Any CPU.ActiveCfg = Release|Any CPU
		{5B502518-6F64-4C68-B0D2-1DCBECDFAB85}.MyIntern2|Any CPU.Build.0 = Release|Any CPU
		{5B502518-6F64-4C68-B0D2-1DCBECDFAB85}.MyIntern3|Any CPU.ActiveCfg = Release|Any CPU
		{5B502518-6F64-4C68-B0D2-1DCBECDFAB85}.MyIntern3|Any CPU.Build.0 = Release|Any CPU
		{5B502518-6F64-4C68-B0D2-1DCBECDFAB85}.MyIntern4|Any CPU.ActiveCfg = Release|Any CPU
		{5B502518-6F64-4C68-B0D2-1DCBECDFAB85}.MyIntern4|Any CPU.Build.0 = Release|Any CPU
		{5B502518-6F64-4C68-B0D2-1DCBECDFAB85}.MyIntern5|Any CPU.ActiveCfg = Release|Any CPU
		{5B502518-6F64-4C68-B0D2-1DCBECDFAB85}.MyIntern5|Any CPU.Build.0 = Release|Any CPU
		{5B502518-6F64-4C68-B0D2-1DCBECDFAB85}.Release|Any CPU.ActiveCfg = Release|Any CPU
		{5B502518-6F64-4C68-B0D2-1DCBECDFAB85}.Release|Any CPU.Build.0 = Release|Any CPU
	EndGlobalSection
	GlobalSection(SolutionProperties) = preSolution
		HideSolutionNode = FALSE
	EndGlobalSection
EndGlobal
